
Microsoft Visual Studio Solution File, Format Version 11.00
# Visual Studio 2010
Project("{FAE04EC0-301F-11D3-BF4B-00C04F79EFBC}") = "WebLib", "WebLib\WebLib.csproj", "{9A3CD2A3-8AAE-44EE-87E3-FB27B45F9132}"
EndProject
Project("{FAE04EC0-301F-11D3-BF4B-00C04F79EFBC}") = "MvcApplication1", "MvcApplication1\MvcApplication1.csproj", "{FBADC7D0-1009-417C-B818-4C89F1D85518}"
EndProject
Project("{2150E333-8FDC-42A3-9474-1A3956D46DE8}") = ".nuget", ".nuget", "{6375A048-F72F-4F15-ADCC-0CA9CC57B533}"
	ProjectSection(SolutionItems) = preProject
		.nuget\NuGet.Config = .nuget\NuGet.Config
		.nuget\NuGet.exe = .nuget\NuGet.exe
		.nuget\NuGet.targets = .nuget\NuGet.targets
	EndProjectSection
EndProject
Project("{E24C65DC-7377-472B-9ABA-BC803B73C61A}") = "WebSite2", "WebSite2", "{6F3EF012-B555-4D6D-ABDE-AFB11C7D49EE}"
	ProjectSection(WebsiteProperties) = preProject
		TargetFrameworkMoniker = ".NETFramework,Version%3Dv4.0"
		ProjectReferences = "{9A3CD2A3-8AAE-44EE-87E3-FB27B45F9132}|WebLib.dll;"
		Debug.AspNetCompiler.VirtualPath = "/WebSite2"
		Debug.AspNetCompiler.PhysicalPath = "WebSite2\"
		Debug.AspNetCompiler.TargetPath = "PrecompiledWeb\WebSite2\"
		Debug.AspNetCompiler.Updateable = "true"
		Debug.AspNetCompiler.ForceOverwrite = "true"
		Debug.AspNetCompiler.FixedNames = "false"
		Debug.AspNetCompiler.Debug = "True"
		Release.AspNetCompiler.VirtualPath = "/WebSite2"
		Release.AspNetCompiler.PhysicalPath = "WebSite2\"
		Release.AspNetCompiler.TargetPath = "PrecompiledWeb\WebSite2\"
		Release.AspNetCompiler.Updateable = "true"
		Release.AspNetCompiler.ForceOverwrite = "true"
		Release.AspNetCompiler.FixedNames = "false"
		Release.AspNetCompiler.Debug = "False"
		VWDPort = "43253"
		DefaultWebSiteLanguage = "Visual C#"
	EndProjectSection
EndProject
Global
	GlobalSection(SolutionConfigurationPlatforms) = preSolution
		Debug|Any CPU = Debug|Any CPU
		Release|Any CPU = Release|Any CPU
	EndGlobalSection
	GlobalSection(ProjectConfigurationPlatforms) = postSolution
		{9A3CD2A3-8AAE-44EE-87E3-FB27B45F9132}.Debug|Any CPU.ActiveCfg = Debug|Any CPU
		{9A3CD2A3-8AAE-44EE-87E3-FB27B45F9132}.Debug|Any CPU.Build.0 = Debug|Any CPU
		{9A3CD2A3-8AAE-44EE-87E3-FB27B45F9132}.Release|Any CPU.ActiveCfg = Release|Any CPU
		{9A3CD2A3-8AAE-44EE-87E3-FB27B45F9132}.Release|Any CPU.Build.0 = Release|Any CPU
		{FBADC7D0-1009-417C-B818-4C89F1D85518}.Debug|Any CPU.ActiveCfg = Debug|Any CPU
		{FBADC7D0-1009-417C-B818-4C89F1D85518}.Debug|Any CPU.Build.0 = Debug|Any CPU
		{FBADC7D0-1009-417C-B818-4C89F1D85518}.Release|Any CPU.ActiveCfg = Release|Any CPU
		{FBADC7D0-1009-417C-B818-4C89F1D85518}.Release|Any CPU.Build.0 = Release|Any CPU
		{6F3EF012-B555-4D6D-ABDE-AFB11C7D49EE}.Debug|Any CPU.ActiveCfg = Debug|Any CPU
		{6F3EF012-B555-4D6D-ABDE-AFB11C7D49EE}.Debug|Any CPU.Build.0 = Debug|Any CPU
		{6F3EF012-B555-4D6D-ABDE-AFB11C7D49EE}.Release|Any CPU.ActiveCfg = Debug|Any CPU
		{6F3EF012-B555-4D6D-ABDE-AFB11C7D49EE}.Release|Any CPU.Build.0 = Debug|Any CPU
	EndGlobalSection
	GlobalSection(SolutionProperties) = preSolution
		HideSolutionNode = FALSE
	EndGlobalSection
EndGlobal
